
Microsoft Visual Studio Solution File, Format Version 12.00
# Visual Studio Version 16
VisualStudioVersion = 16.0.29806.167
MinimumVisualStudioVersion = 10.0.40219.1
Project("{FAE04EC0-301F-11D3-BF4B-00C04F79EFBC}") = "ChitankaMobileUI.Android", "ChitankaMobileUI\ChitankaMobileUI.Android\ChitankaMobileUI.Android.csproj", "{C3FE802B-E917-4B9F-8A98-A95BB87462D1}"
EndProject
Project("{9A19103F-16F7-4668-BE54-9A1E7A4F7556}") = "ChitankaMobileUI", "ChitankaMobileUI\ChitankaMobileUI\ChitankaMobileUI.csproj", "{DB7B8FD3-5218-4F85-B59D-269EF6BE9109}"
EndProject
Project("{FAE04EC0-301F-11D3-BF4B-00C04F79EFBC}") = "ChitankaDriveAPI", "ChitankaDriveAPI\ChitankaDriveAPI.csproj", "{1A5872AB-1862-4365-AC2C-06D801AB8188}"
EndProject
Global
	GlobalSection(SolutionConfigurationPlatforms) = preSolution
		Debug|Any CPU = Debug|Any CPU
		Release|Any CPU = Release|Any CPU
	EndGlobalSection
	GlobalSection(ProjectConfigurationPlatforms) = postSolution
		{C3FE802B-E917-4B9F-8A98-A95BB87462D1}.Debug|Any CPU.ActiveCfg = Debug|Any CPU
		{C3FE802B-E917-4B9F-8A98-A95BB87462D1}.Debug|Any CPU.Build.0 = Debug|Any CPU
		{C3FE802B-E917-4B9F-8A98-A95BB87462D1}.Debug|Any CPU.Deploy.0 = Debug|Any CPU
		{C3FE802B-E917-4B9F-8A98-A95BB87462D1}.Release|Any CPU.ActiveCfg = Release|Any CPU
		{C3FE802B-E917-4B9F-8A98-A95BB87462D1}.Release|Any CPU.Build.0 = Release|Any CPU
		{C3FE802B-E917-4B9F-8A98-A95BB87462D1}.Release|Any CPU.Deploy.0 = Release|Any CPU
		{DB7B8FD3-5218-4F85-B59D-269EF6BE9109}.Debug|Any CPU.ActiveCfg = Debug|Any CPU
		{DB7B8FD3-5218-4F85-B59D-269EF6BE9109}.Debug|Any CPU.Build.0 = Debug|Any CPU
		{DB7B8FD3-5218-4F85-B59D-269EF6BE9109}.Debug|Any CPU.Deploy.0 = Debug|Any CPU
		{DB7B8FD3-5218-4F85-B59D-269EF6BE9109}.Release|Any CPU.ActiveCfg = Release|Any CPU
		{DB7B8FD3-5218-4F85-B59D-269EF6BE9109}.Release|Any CPU.Build.0 = Release|Any CPU
		{DB7B8FD3-5218-4F85-B59D-269EF6BE9109}.Release|Any CPU.Deploy.0 = Release|Any CPU
		{1A5872AB-1862-4365-AC2C-06D801AB8188}.Debug|Any CPU.ActiveCfg = Debug|Any CPU
		{1A5872AB-1862-4365-AC2C-06D801AB8188}.Debug|Any CPU.Build.0 = Debug|Any CPU
		{1A5872AB-1862-4365-AC2C-06D801AB8188}.Release|Any CPU.ActiveCfg = Release|Any CPU
		{1A5872AB-1862-4365-AC2C-06D801AB8188}.Release|Any CPU.Build.0 = Release|Any CPU
	EndGlobalSection
	GlobalSection(SolutionProperties) = preSolution
		HideSolutionNode = FALSE
	EndGlobalSection
	GlobalSection(ExtensibilityGlobals) = postSolution
		SolutionGuid = {723906D1-B2D4-49F2-A299-6337695EDB01}
	EndGlobalSection
EndGlobal
